
Microsoft Visual Studio Solution File, Format Version 12.00
# Visual Studio 2013
VisualStudioVersion = 12.0.40629.0
MinimumVisualStudioVersion = 10.0.40219.1
Project("{FAE04EC0-301F-11D3-BF4B-00C04F79EFBC}") = "01.Snippy.Models", "Snippy.Models\01.Snippy.Models.csproj", "{7782F4DB-90B3-4121-9A76-87754F926A10}"
EndProject
Project("{FAE04EC0-301F-11D3-BF4B-00C04F79EFBC}") = "02.Snippy.Data", "Snippy.Data\02.Snippy.Data.csproj", "{E1792860-9CD6-43FC-A012-F4D172F88C1B}"
EndProject
Project("{FAE04EC0-301F-11D3-BF4B-00C04F79EFBC}") = "Snippy.WebApp", "Snippy.WebApp\Snippy.WebApp.csproj", "{9FA6E912-7DFD-4E02-B5C1-890FAAA1BC68}"
EndProject
Global
	GlobalSection(SolutionConfigurationPlatforms) = preSolution
		Debug|Any CPU = Debug|Any CPU
		Release|Any CPU = Release|Any CPU
	EndGlobalSection
	GlobalSection(ProjectConfigurationPlatforms) = postSolution
		{7782F4DB-90B3-4121-9A76-87754F926A10}.Debug|Any CPU.ActiveCfg = Debug|Any CPU
		{7782F4DB-90B3-4121-9A76-87754F926A10}.Debug|Any CPU.Build.0 = Debug|Any CPU
		{7782F4DB-90B3-4121-9A76-87754F926A10}.Release|Any CPU.ActiveCfg = Release|Any CPU
		{7782F4DB-90B3-4121-9A76-87754F926A10}.Release|Any CPU.Build.0 = Release|Any CPU
		{E1792860-9CD6-43FC-A012-F4D172F88C1B}.Debug|Any CPU.ActiveCfg = Debug|Any CPU
		{E1792860-9CD6-43FC-A012-F4D172F88C1B}.Debug|Any CPU.Build.0 = Debug|Any CPU
		{E1792860-9CD6-43FC-A012-F4D172F88C1B}.Release|Any CPU.ActiveCfg = Release|Any CPU
		{E1792860-9CD6-43FC-A012-F4D172F88C1B}.Release|Any CPU.Build.0 = Release|Any CPU
		{9FA6E912-7DFD-4E02-B5C1-890FAAA1BC68}.Debug|Any CPU.ActiveCfg = Debug|Any CPU
		{9FA6E912-7DFD-4E02-B5C1-890FAAA1BC68}.Debug|Any CPU.Build.0 = Debug|Any CPU
		{9FA6E912-7DFD-4E02-B5C1-890FAAA1BC68}.Release|Any CPU.ActiveCfg = Release|Any CPU
		{9FA6E912-7DFD-4E02-B5C1-890FAAA1BC68}.Release|Any CPU.Build.0 = Release|Any CPU
	EndGlobalSection
	GlobalSection(SolutionProperties) = preSolution
		HideSolutionNode = FALSE
	EndGlobalSection
EndGlobal
