
Microsoft Visual Studio Solution File, Format Version 12.00
# Visual Studio 2013
VisualStudioVersion = 12.0.40629.0
MinimumVisualStudioVersion = 10.0.40219.1
Project("{FAE04EC0-301F-11D3-BF4B-00C04F79EFBC}") = "01.PiggyTank", "01.PiggyTank\01.PiggyTank.csproj", "{7C732C20-DEEA-494C-A5C3-0231CF62CE08}"
EndProject
Project("{FAE04EC0-301F-11D3-BF4B-00C04F79EFBC}") = "02.CheatSheet", "02.CheatSheet\02.CheatSheet.csproj", "{0F7F9020-8912-4710-B816-03F31F6BFCE4}"
EndProject
Project("{FAE04EC0-301F-11D3-BF4B-00C04F79EFBC}") = "03.Boat", "03.Boat\03.Boat.csproj", "{34DDAE8D-214D-40C2-B806-057D0B70DF6E}"
EndProject
Project("{FAE04EC0-301F-11D3-BF4B-00C04F79EFBC}") = "04.TextBombardment", "04.TextBombardment\04.TextBombardment.csproj", "{5122AE65-294B-45F3-A876-1C7A2CB0AC6D}"
EndProject
Project("{FAE04EC0-301F-11D3-BF4B-00C04F79EFBC}") = "BoatDemo", "BoatDemo\BoatDemo.csproj", "{ED35C2EE-F3DF-4910-AC05-2676D9FBD6D5}"
EndProject
Global
	GlobalSection(SolutionConfigurationPlatforms) = preSolution
		Debug|Any CPU = Debug|Any CPU
		Release|Any CPU = Release|Any CPU
	EndGlobalSection
	GlobalSection(ProjectConfigurationPlatforms) = postSolution
		{7C732C20-DEEA-494C-A5C3-0231CF62CE08}.Debug|Any CPU.ActiveCfg = Debug|Any CPU
		{7C732C20-DEEA-494C-A5C3-0231CF62CE08}.Debug|Any CPU.Build.0 = Debug|Any CPU
		{7C732C20-DEEA-494C-A5C3-0231CF62CE08}.Release|Any CPU.ActiveCfg = Release|Any CPU
		{7C732C20-DEEA-494C-A5C3-0231CF62CE08}.Release|Any CPU.Build.0 = Release|Any CPU
		{0F7F9020-8912-4710-B816-03F31F6BFCE4}.Debug|Any CPU.ActiveCfg = Debug|Any CPU
		{0F7F9020-8912-4710-B816-03F31F6BFCE4}.Debug|Any CPU.Build.0 = Debug|Any CPU
		{0F7F9020-8912-4710-B816-03F31F6BFCE4}.Release|Any CPU.ActiveCfg = Release|Any CPU
		{0F7F9020-8912-4710-B816-03F31F6BFCE4}.Release|Any CPU.Build.0 = Release|Any CPU
		{34DDAE8D-214D-40C2-B806-057D0B70DF6E}.Debug|Any CPU.ActiveCfg = Debug|Any CPU
		{34DDAE8D-214D-40C2-B806-057D0B70DF6E}.Debug|Any CPU.Build.0 = Debug|Any CPU
		{34DDAE8D-214D-40C2-B806-057D0B70DF6E}.Release|Any CPU.ActiveCfg = Release|Any CPU
		{34DDAE8D-214D-40C2-B806-057D0B70DF6E}.Release|Any CPU.Build.0 = Release|Any CPU
		{5122AE65-294B-45F3-A876-1C7A2CB0AC6D}.Debug|Any CPU.ActiveCfg = Debug|Any CPU
		{5122AE65-294B-45F3-A876-1C7A2CB0AC6D}.Debug|Any CPU.Build.0 = Debug|Any CPU
		{5122AE65-294B-45F3-A876-1C7A2CB0AC6D}.Release|Any CPU.ActiveCfg = Release|Any CPU
		{5122AE65-294B-45F3-A876-1C7A2CB0AC6D}.Release|Any CPU.Build.0 = Release|Any CPU
		{ED35C2EE-F3DF-4910-AC05-2676D9FBD6D5}.Debug|Any CPU.ActiveCfg = Debug|Any CPU
		{ED35C2EE-F3DF-4910-AC05-2676D9FBD6D5}.Debug|Any CPU.Build.0 = Debug|Any CPU
		{ED35C2EE-F3DF-4910-AC05-2676D9FBD6D5}.Release|Any CPU.ActiveCfg = Release|Any CPU
		{ED35C2EE-F3DF-4910-AC05-2676D9FBD6D5}.Release|Any CPU.Build.0 = Release|Any CPU
	EndGlobalSection
	GlobalSection(SolutionProperties) = preSolution
		HideSolutionNode = FALSE
	EndGlobalSection
EndGlobal
