
Microsoft Visual Studio Solution File, Format Version 12.00
# Visual Studio 2013
VisualStudioVersion = 12.0.40629.0
MinimumVisualStudioVersion = 10.0.40219.1
Project("{FAE04EC0-301F-11D3-BF4B-00C04F79EFBC}") = "SumatorDemo", "SumatorDemo\SumatorDemo.csproj", "{C7CB8F2C-CA95-40D9-B397-276F8C946F4C}"
EndProject
Global
	GlobalSection(SolutionConfigurationPlatforms) = preSolution
		Debug|Any CPU = Debug|Any CPU
		Release|Any CPU = Release|Any CPU
	EndGlobalSection
	GlobalSection(ProjectConfigurationPlatforms) = postSolution
		{C7CB8F2C-CA95-40D9-B397-276F8C946F4C}.Debug|Any CPU.ActiveCfg = Debug|Any CPU
		{C7CB8F2C-CA95-40D9-B397-276F8C946F4C}.Debug|Any CPU.Build.0 = Debug|Any CPU
		{C7CB8F2C-CA95-40D9-B397-276F8C946F4C}.Release|Any CPU.ActiveCfg = Release|Any CPU
		{C7CB8F2C-CA95-40D9-B397-276F8C946F4C}.Release|Any CPU.Build.0 = Release|Any CPU
	EndGlobalSection
	GlobalSection(SolutionProperties) = preSolution
		HideSolutionNode = FALSE
	EndGlobalSection
EndGlobal
