
Microsoft Visual Studio Solution File, Format Version 12.00
# Visual Studio 15
VisualStudioVersion = 15.0.27004.2008
MinimumVisualStudioVersion = 10.0.40219.1
Project("{FAE04EC0-301F-11D3-BF4B-00C04F79EFBC}") = "_2Excel.ConsoleClient", "_2Excel.ConsoleClient\_2Excel.ConsoleClient.csproj", "{3A903E93-4B99-4564-BDF3-C6E1771A0106}"
EndProject
Project("{FAE04EC0-301F-11D3-BF4B-00C04F79EFBC}") = "PrepJSONs", "PrepJSONs\PrepJSONs.csproj", "{9F69F308-43BB-4701-8943-99C9DC2D87B9}"
EndProject
Project("{2150E333-8FDC-42A3-9474-1A3956D46DE8}") = "UsefullThings", "UsefullThings", "{2119E268-779D-40E8-B5CD-99A267FE81F0}"
	ProjectSection(SolutionItems) = preProject
		new 1.txt = new 1.txt
	EndProjectSection
EndProject
Global
	GlobalSection(SolutionConfigurationPlatforms) = preSolution
		Debug|Any CPU = Debug|Any CPU
		Release|Any CPU = Release|Any CPU
	EndGlobalSection
	GlobalSection(ProjectConfigurationPlatforms) = postSolution
		{3A903E93-4B99-4564-BDF3-C6E1771A0106}.Debug|Any CPU.ActiveCfg = Debug|Any CPU
		{3A903E93-4B99-4564-BDF3-C6E1771A0106}.Debug|Any CPU.Build.0 = Debug|Any CPU
		{3A903E93-4B99-4564-BDF3-C6E1771A0106}.Release|Any CPU.ActiveCfg = Release|Any CPU
		{3A903E93-4B99-4564-BDF3-C6E1771A0106}.Release|Any CPU.Build.0 = Release|Any CPU
		{9F69F308-43BB-4701-8943-99C9DC2D87B9}.Debug|Any CPU.ActiveCfg = Debug|Any CPU
		{9F69F308-43BB-4701-8943-99C9DC2D87B9}.Debug|Any CPU.Build.0 = Debug|Any CPU
		{9F69F308-43BB-4701-8943-99C9DC2D87B9}.Release|Any CPU.ActiveCfg = Release|Any CPU
		{9F69F308-43BB-4701-8943-99C9DC2D87B9}.Release|Any CPU.Build.0 = Release|Any CPU
	EndGlobalSection
	GlobalSection(SolutionProperties) = preSolution
		HideSolutionNode = FALSE
	EndGlobalSection
	GlobalSection(ExtensibilityGlobals) = postSolution
		SolutionGuid = {D0672E17-65B8-440A-AA91-DAFF4B88B147}
	EndGlobalSection
EndGlobal
